
Microsoft Visual Studio Solution File, Format Version 12.00
# Visual Studio 2013
VisualStudioVersion = 12.0.21005.1
MinimumVisualStudioVersion = 10.0.40219.1
Project("{FAE04EC0-301F-11D3-BF4B-00C04F79EFBC}") = "DesignPatterns", "DesignPatterns\DesignPatterns.csproj", "{4F9757F8-8054-41C7-B849-6ACEBD746118}"
EndProject
Project("{FAE04EC0-301F-11D3-BF4B-00C04F79EFBC}") = "ConsoleApplication1", "ConsoleApplication1\ConsoleApplication1.csproj", "{5F489F0C-F02B-4BBD-8B8E-651E30C9FEFC}"
EndProject
Project("{FAE04EC0-301F-11D3-BF4B-00C04F79EFBC}") = "WebApplication1", "WebApplication1\WebApplication1.csproj", "{29B93940-783F-4FD1-94D6-1CAA5FE60296}"
EndProject
Project("{FAE04EC0-301F-11D3-BF4B-00C04F79EFBC}") = "WebApplication2", "WebApplication2\WebApplication2.csproj", "{9B450429-FD20-4CBC-B0BB-C7439BD3B1CD}"
EndProject
Project("{FAE04EC0-301F-11D3-BF4B-00C04F79EFBC}") = "WindowsFormsApplication1", "WindowsFormsApplication1\WindowsFormsApplication1.csproj", "{0DDEF766-CEBD-44D1-AA3D-317EF98F10E3}"
EndProject
Global
	GlobalSection(SolutionConfigurationPlatforms) = preSolution
		Debug|Any CPU = Debug|Any CPU
		Release|Any CPU = Release|Any CPU
	EndGlobalSection
	GlobalSection(ProjectConfigurationPlatforms) = postSolution
		{4F9757F8-8054-41C7-B849-6ACEBD746118}.Debug|Any CPU.ActiveCfg = Debug|Any CPU
		{4F9757F8-8054-41C7-B849-6ACEBD746118}.Debug|Any CPU.Build.0 = Debug|Any CPU
		{4F9757F8-8054-41C7-B849-6ACEBD746118}.Release|Any CPU.ActiveCfg = Release|Any CPU
		{4F9757F8-8054-41C7-B849-6ACEBD746118}.Release|Any CPU.Build.0 = Release|Any CPU
		{5F489F0C-F02B-4BBD-8B8E-651E30C9FEFC}.Debug|Any CPU.ActiveCfg = Debug|Any CPU
		{5F489F0C-F02B-4BBD-8B8E-651E30C9FEFC}.Debug|Any CPU.Build.0 = Debug|Any CPU
		{5F489F0C-F02B-4BBD-8B8E-651E30C9FEFC}.Release|Any CPU.ActiveCfg = Release|Any CPU
		{5F489F0C-F02B-4BBD-8B8E-651E30C9FEFC}.Release|Any CPU.Build.0 = Release|Any CPU
		{29B93940-783F-4FD1-94D6-1CAA5FE60296}.Debug|Any CPU.ActiveCfg = Debug|Any CPU
		{29B93940-783F-4FD1-94D6-1CAA5FE60296}.Debug|Any CPU.Build.0 = Debug|Any CPU
		{29B93940-783F-4FD1-94D6-1CAA5FE60296}.Release|Any CPU.ActiveCfg = Release|Any CPU
		{29B93940-783F-4FD1-94D6-1CAA5FE60296}.Release|Any CPU.Build.0 = Release|Any CPU
		{9B450429-FD20-4CBC-B0BB-C7439BD3B1CD}.Debug|Any CPU.ActiveCfg = Debug|Any CPU
		{9B450429-FD20-4CBC-B0BB-C7439BD3B1CD}.Debug|Any CPU.Build.0 = Debug|Any CPU
		{9B450429-FD20-4CBC-B0BB-C7439BD3B1CD}.Release|Any CPU.ActiveCfg = Release|Any CPU
		{9B450429-FD20-4CBC-B0BB-C7439BD3B1CD}.Release|Any CPU.Build.0 = Release|Any CPU
		{0DDEF766-CEBD-44D1-AA3D-317EF98F10E3}.Debug|Any CPU.ActiveCfg = Debug|Any CPU
		{0DDEF766-CEBD-44D1-AA3D-317EF98F10E3}.Debug|Any CPU.Build.0 = Debug|Any CPU
		{0DDEF766-CEBD-44D1-AA3D-317EF98F10E3}.Release|Any CPU.ActiveCfg = Release|Any CPU
		{0DDEF766-CEBD-44D1-AA3D-317EF98F10E3}.Release|Any CPU.Build.0 = Release|Any CPU
	EndGlobalSection
	GlobalSection(SolutionProperties) = preSolution
		HideSolutionNode = FALSE
	EndGlobalSection
EndGlobal
